// !$*UTF8*$!
{
	archiveVersion = 1;
	classes = {
	};
	objectVersion = 77;
	objects = {

/* Begin PBXBuildFile section */
		1EBF4DD7827EBAB8658439F1 /* Pods_MarketWatchTests.framework in Frameworks */ = {isa = PBXBuildFile; fileRef = 635710FDD7DF922626250FCB /* Pods_MarketWatchTests.framework */; };
		58A6AFA26B07D61CE7AA8DDC /* Pods_MarketWatch.framework in Frameworks */ = {isa = PBXBuildFile; fileRef = 0BC8A3C177D82664DDD5515F /* Pods_MarketWatch.framework */; };
/* End PBXBuildFile section */

/* Begin PBXContainerItemProxy section */
		59AD7BD02EB31109007844FC /* PBXContainerItemProxy */ = {
			isa = PBXContainerItemProxy;
			containerPortal = 59AD7BB12EB31108007844FC /* Project object */;
			proxyType = 1;
			remoteGlobalIDString = 59AD7BB82EB31108007844FC;
			remoteInfo = MarketWatch;
		};
/* End PBXContainerItemProxy section */

/* Begin PBXFileReference section */
		0BC8A3C177D82664DDD5515F /* Pods_MarketWatch.framework */ = {isa = PBXFileReference; explicitFileType = wrapper.framework; includeInIndex = 0; path = Pods_MarketWatch.framework; sourceTree = BUILT_PRODUCTS_DIR; };
		0E6BD85ABFF730352CDD825C /* Pods_MarketWatch_MarketWatchUITests.framework */ = {isa = PBXFileReference; explicitFileType = wrapper.framework; includeInIndex = 0; path = Pods_MarketWatch_MarketWatchUITests.framework; sourceTree = BUILT_PRODUCTS_DIR; };
		30B42509B72935215EB9A07D /* Pods-MarketWatch.release.xcconfig */ = {isa = PBXFileReference; includeInIndex = 1; lastKnownFileType = text.xcconfig; name = "Pods-MarketWatch.release.xcconfig"; path = "Target Support Files/Pods-MarketWatch/Pods-MarketWatch.release.xcconfig"; sourceTree = "<group>"; };
		59AD7BB92EB31108007844FC /* MarketWatch.app */ = {isa = PBXFileReference; explicitFileType = wrapper.application; includeInIndex = 0; path = MarketWatch.app; sourceTree = BUILT_PRODUCTS_DIR; };
		59AD7BCF2EB31109007844FC /* MarketWatchTests.xctest */ = {isa = PBXFileReference; explicitFileType = wrapper.cfbundle; includeInIndex = 0; path = MarketWatchTests.xctest; sourceTree = BUILT_PRODUCTS_DIR; };
		635710FDD7DF922626250FCB /* Pods_MarketWatchTests.framework */ = {isa = PBXFileReference; explicitFileType = wrapper.framework; includeInIndex = 0; path = Pods_MarketWatchTests.framework; sourceTree = BUILT_PRODUCTS_DIR; };
		6EB9E983E12676E85A636E31 /* Pods-MarketWatchTests.debug.xcconfig */ = {isa = PBXFileReference; includeInIndex = 1; lastKnownFileType = text.xcconfig; name = "Pods-MarketWatchTests.debug.xcconfig"; path = "Target Support Files/Pods-MarketWatchTests/Pods-MarketWatchTests.debug.xcconfig"; sourceTree = "<group>"; };
		C178735C05E03C10040FC601 /* Pods-MarketWatch-MarketWatchUITests.release.xcconfig */ = {isa = PBXFileReference; includeInIndex = 1; lastKnownFileType = text.xcconfig; name = "Pods-MarketWatch-MarketWatchUITests.release.xcconfig"; path = "Target Support Files/Pods-MarketWatch-MarketWatchUITests/Pods-MarketWatch-MarketWatchUITests.release.xcconfig"; sourceTree = "<group>"; };
		CEB46F45B8299A59BA709D9C /* Pods-MarketWatch.debug.xcconfig */ = {isa = PBXFileReference; includeInIndex = 1; lastKnownFileType = text.xcconfig; name = "Pods-MarketWatch.debug.xcconfig"; path = "Target Support Files/Pods-MarketWatch/Pods-MarketWatch.debug.xcconfig"; sourceTree = "<group>"; };
		E3AAD1CE75D9597E66BEE21E /* Pods-MarketWatch-MarketWatchUITests.debug.xcconfig */ = {isa = PBXFileReference; includeInIndex = 1; lastKnownFileType = text.xcconfig; name = "Pods-MarketWatch-MarketWatchUITests.debug.xcconfig"; path = "Target Support Files/Pods-MarketWatch-MarketWatchUITests/Pods-MarketWatch-MarketWatchUITests.debug.xcconfig"; sourceTree = "<group>"; };
		EE63B0CA94EE62109F14F8B2 /* Pods-MarketWatchTests.release.xcconfig */ = {isa = PBXFileReference; includeInIndex = 1; lastKnownFileType = text.xcconfig; name = "Pods-MarketWatchTests.release.xcconfig"; path = "Target Support Files/Pods-MarketWatchTests/Pods-MarketWatchTests.release.xcconfig"; sourceTree = "<group>"; };
/* End PBXFileReference section */

/* Begin PBXFileSystemSynchronizedBuildFileExceptionSet section */
		59AD7BE12EB3110A007844FC /* Exceptions for "MarketWatch" folder in "MarketWatch" target */ = {
			isa = PBXFileSystemSynchronizedBuildFileExceptionSet;
			membershipExceptions = (
				Info.plist,
			);
			target = 59AD7BB82EB31108007844FC /* MarketWatch */;
		};
/* End PBXFileSystemSynchronizedBuildFileExceptionSet section */

/* Begin PBXFileSystemSynchronizedRootGroup section */
		59AD7BBB2EB31108007844FC /* MarketWatch */ = {
			isa = PBXFileSystemSynchronizedRootGroup;
			exceptions = (
				59AD7BE12EB3110A007844FC /* Exceptions for "MarketWatch" folder in "MarketWatch" target */,
			);
			path = MarketWatch;
			sourceTree = "<group>";
		};
		59AD7BD22EB31109007844FC /* MarketWatchTests */ = {
			isa = PBXFileSystemSynchronizedRootGroup;
			path = MarketWatchTests;
			sourceTree = "<group>";
		};
/* End PBXFileSystemSynchronizedRootGroup section */

/* Begin PBXFrameworksBuildPhase section */
		59AD7BB62EB31108007844FC /* Frameworks */ = {
			isa = PBXFrameworksBuildPhase;
			buildActionMask = 2147483647;
			files = (
				58A6AFA26B07D61CE7AA8DDC /* Pods_MarketWatch.framework in Frameworks */,
			);
			runOnlyForDeploymentPostprocessing = 0;
		};
		59AD7BCC2EB31109007844FC /* Frameworks */ = {
			isa = PBXFrameworksBuildPhase;
			buildActionMask = 2147483647;
			files = (
				1EBF4DD7827EBAB8658439F1 /* Pods_MarketWatchTests.framework in Frameworks */,
			);
			runOnlyForDeploymentPostprocessing = 0;
		};
/* End PBXFrameworksBuildPhase section */

/* Begin PBXGroup section */
		49144BC5D41A17BAC79E7492 /* Pods */ = {
			isa = PBXGroup;
			children = (
				CEB46F45B8299A59BA709D9C /* Pods-MarketWatch.debug.xcconfig */,
				30B42509B72935215EB9A07D /* Pods-MarketWatch.release.xcconfig */,
				E3AAD1CE75D9597E66BEE21E /* Pods-MarketWatch-MarketWatchUITests.debug.xcconfig */,
				C178735C05E03C10040FC601 /* Pods-MarketWatch-MarketWatchUITests.release.xcconfig */,
				6EB9E983E12676E85A636E31 /* Pods-MarketWatchTests.debug.xcconfig */,
				EE63B0CA94EE62109F14F8B2 /* Pods-MarketWatchTests.release.xcconfig */,
			);
			path = Pods;
			sourceTree = "<group>";
		};
		59AD7BB02EB31108007844FC = {
			isa = PBXGroup;
			children = (
				59AD7BBB2EB31108007844FC /* MarketWatch */,
				59AD7BD22EB31109007844FC /* MarketWatchTests */,
				59AD7BBA2EB31108007844FC /* Products */,
				49144BC5D41A17BAC79E7492 /* Pods */,
				FC61860C8553F86C1B63449D /* Frameworks */,
			);
			sourceTree = "<group>";
		};
		59AD7BBA2EB31108007844FC /* Products */ = {
			isa = PBXGroup;
			children = (
				59AD7BB92EB31108007844FC /* MarketWatch.app */,
				59AD7BCF2EB31109007844FC /* MarketWatchTests.xctest */,
			);
			name = Products;
			sourceTree = "<group>";
		};
		FC61860C8553F86C1B63449D /* Frameworks */ = {
			isa = PBXGroup;
			children = (
				0BC8A3C177D82664DDD5515F /* Pods_MarketWatch.framework */,
				0E6BD85ABFF730352CDD825C /* Pods_MarketWatch_MarketWatchUITests.framework */,
				635710FDD7DF922626250FCB /* Pods_MarketWatchTests.framework */,
			);
			name = Frameworks;
			sourceTree = "<group>";
		};
/* End PBXGroup section */

/* Begin PBXNativeTarget section */
		59AD7BB82EB31108007844FC /* MarketWatch */ = {
			isa = PBXNativeTarget;
			buildConfigurationList = 59AD7BE22EB3110A007844FC /* Build configuration list for PBXNativeTarget "MarketWatch" */;
			buildPhases = (
				E12743C27E1D06D5B491A52E /* [CP] Check Pods Manifest.lock */,
				59AD7BB52EB31108007844FC /* Sources */,
				59AD7BB62EB31108007844FC /* Frameworks */,
				59AD7BB72EB31108007844FC /* Resources */,
				A56C7608507FD690A32984E8 /* [CP] Embed Pods Frameworks */,
			);
			buildRules = (
			);
			dependencies = (
			);
			fileSystemSynchronizedGroups = (
				59AD7BBB2EB31108007844FC /* MarketWatch */,
			);
			name = MarketWatch;
			productName = MarketWatch;
			productReference = 59AD7BB92EB31108007844FC /* MarketWatch.app */;
			productType = "com.apple.product-type.application";
		};
		59AD7BCE2EB31109007844FC /* MarketWatchTests */ = {
			isa = PBXNativeTarget;
			buildConfigurationList = 59AD7BE72EB3110A007844FC /* Build configuration list for PBXNativeTarget "MarketWatchTests" */;
			buildPhases = (
				0EF1C342984C3DCF8F33DB61 /* [CP] Check Pods Manifest.lock */,
				59AD7BCB2EB31109007844FC /* Sources */,
				59AD7BCC2EB31109007844FC /* Frameworks */,
				59AD7BCD2EB31109007844FC /* Resources */,
				6706D72CBF059DA39DB17951 /* [CP] Embed Pods Frameworks */,
			);
			buildRules = (
			);
			dependencies = (
				59AD7BD12EB31109007844FC /* PBXTargetDependency */,
			);
			fileSystemSynchronizedGroups = (
				59AD7BD22EB31109007844FC /* MarketWatchTests */,
			);
			name = MarketWatchTests;
			productName = MarketWatchTests;
			productReference = 59AD7BCF2EB31109007844FC /* MarketWatchTests.xctest */;
			productType = "com.apple.product-type.bundle.unit-test";
		};
/* End PBXNativeTarget section */

/* Begin PBXProject section */
		59AD7BB12EB31108007844FC /* Project object */ = {
			isa = PBXProject;
			attributes = {
				BuildIndependentTargetsInParallel = 1;
				LastSwiftUpdateCheck = 2600;
				LastUpgradeCheck = 2600;
				TargetAttributes = {
					59AD7BB82EB31108007844FC = {
						CreatedOnToolsVersion = 26.0.1;
					};
					59AD7BCE2EB31109007844FC = {
						CreatedOnToolsVersion = 26.0.1;
						TestTargetID = 59AD7BB82EB31108007844FC;
					};
				};
			};
			buildConfigurationList = 59AD7BB42EB31108007844FC /* Build configuration list for PBXProject "MarketWatch" */;
			developmentRegion = en;
			hasScannedForEncodings = 0;
			knownRegions = (
				en,
				Base,
			);
			mainGroup = 59AD7BB02EB31108007844FC;
			minimizedProjectReferenceProxies = 1;
			preferredProjectObjectVersion = 77;
			productRefGroup = 59AD7BBA2EB31108007844FC /* Products */;
			projectDirPath = "";
			projectRoot = "";
			targets = (
				59AD7BB82EB31108007844FC /* MarketWatch */,
				59AD7BCE2EB31109007844FC /* MarketWatchTests */,
			);
		};
/* End PBXProject section */

/* Begin PBXResourcesBuildPhase section */
		59AD7BB72EB31108007844FC /* Resources */ = {
			isa = PBXResourcesBuildPhase;
			buildActionMask = 2147483647;
			files = (
			);
			runOnlyForDeploymentPostprocessing = 0;
		};
		59AD7BCD2EB31109007844FC /* Resources */ = {
			isa = PBXResourcesBuildPhase;
			buildActionMask = 2147483647;
			files = (
			);
			runOnlyForDeploymentPostprocessing = 0;
		};
/* End PBXResourcesBuildPhase section */

/* Begin PBXShellScriptBuildPhase section */
		0EF1C342984C3DCF8F33DB61 /* [CP] Check Pods Manifest.lock */ = {
			isa = PBXShellScriptBuildPhase;
			buildActionMask = 2147483647;
			files = (
			);
			inputFileListPaths = (
			);
			inputPaths = (
				"${PODS_PODFILE_DIR_PATH}/Podfile.lock",
				"${PODS_ROOT}/Manifest.lock",
			);
			name = "[CP] Check Pods Manifest.lock";
			outputFileListPaths = (
			);
			outputPaths = (
				"$(DERIVED_FILE_DIR)/Pods-MarketWatchTests-checkManifestLockResult.txt",
			);
			runOnlyForDeploymentPostprocessing = 0;
			shellPath = /bin/sh;
			shellScript = "diff \"${PODS_PODFILE_DIR_PATH}/Podfile.lock\" \"${PODS_ROOT}/Manifest.lock\" > /dev/null\nif [ $? != 0 ] ; then\n    # print error to STDERR\n    echo \"error: The sandbox is not in sync with the Podfile.lock. Run 'pod install' or update your CocoaPods installation.\" >&2\n    exit 1\nfi\n# This output is used by Xcode 'outputs' to avoid re-running this script phase.\necho \"SUCCESS\" > \"${SCRIPT_OUTPUT_FILE_0}\"\n";
			showEnvVarsInLog = 0;
		};
		6706D72CBF059DA39DB17951 /* [CP] Embed Pods Frameworks */ = {
			isa = PBXShellScriptBuildPhase;
			buildActionMask = 2147483647;
			files = (
			);
			inputFileListPaths = (
				"${PODS_ROOT}/Target Support Files/Pods-MarketWatchTests/Pods-MarketWatchTests-frameworks-${CONFIGURATION}-input-files.xcfilelist",
			);
			inputPaths = (
			);
			name = "[CP] Embed Pods Frameworks";
			outputFileListPaths = (
				"${PODS_ROOT}/Target Support Files/Pods-MarketWatchTests/Pods-MarketWatchTests-frameworks-${CONFIGURATION}-output-files.xcfilelist",
			);
			outputPaths = (
			);
			runOnlyForDeploymentPostprocessing = 0;
			shellPath = /bin/sh;
			shellScript = "\"${PODS_ROOT}/Target Support Files/Pods-MarketWatchTests/Pods-MarketWatchTests-frameworks.sh\"\n";
			showEnvVarsInLog = 0;
		};
		A56C7608507FD690A32984E8 /* [CP] Embed Pods Frameworks */ = {
			isa = PBXShellScriptBuildPhase;
			buildActionMask = 2147483647;
			files = (
			);
			inputFileListPaths = (
				"${PODS_ROOT}/Target Support Files/Pods-MarketWatch/Pods-MarketWatch-frameworks-${CONFIGURATION}-input-files.xcfilelist",
			);
			inputPaths = (
			);
			name = "[CP] Embed Pods Frameworks";
			outputFileListPaths = (
				"${PODS_ROOT}/Target Support Files/Pods-MarketWatch/Pods-MarketWatch-frameworks-${CONFIGURATION}-output-files.xcfilelist",
			);
			outputPaths = (
			);
			runOnlyForDeploymentPostprocessing = 0;
			shellPath = /bin/sh;
			shellScript = "\"${PODS_ROOT}/Target Support Files/Pods-MarketWatch/Pods-MarketWatch-frameworks.sh\"\n";
			showEnvVarsInLog = 0;
		};
		E12743C27E1D06D5B491A52E /* [CP] Check Pods Manifest.lock */ = {
			isa = PBXShellScriptBuildPhase;
			buildActionMask = 2147483647;
			files = (
			);
			inputFileListPaths = (
			);
			inputPaths = (
				"${PODS_PODFILE_DIR_PATH}/Podfile.lock",
				"${PODS_ROOT}/Manifest.lock",
			);
			name = "[CP] Check Pods Manifest.lock";
			outputFileListPaths = (
			);
			outputPaths = (
				"$(DERIVED_FILE_DIR)/Pods-MarketWatch-checkManifestLockResult.txt",
			);
			runOnlyForDeploymentPostprocessing = 0;
			shellPath = /bin/sh;
			shellScript = "diff \"${PODS_PODFILE_DIR_PATH}/Podfile.lock\" \"${PODS_ROOT}/Manifest.lock\" > /dev/null\nif [ $? != 0 ] ; then\n    # print error to STDERR\n    echo \"error: The sandbox is not in sync with the Podfile.lock. Run 'pod install' or update your CocoaPods installation.\" >&2\n    exit 1\nfi\n# This output is used by Xcode 'outputs' to avoid re-running this script phase.\necho \"SUCCESS\" > \"${SCRIPT_OUTPUT_FILE_0}\"\n";
			showEnvVarsInLog = 0;
		};
/* End PBXShellScriptBuildPhase section */

/* Begin PBXSourcesBuildPhase section */
		59AD7BB52EB31108007844FC /* Sources */ = {
			isa = PBXSourcesBuildPhase;
			buildActionMask = 2147483647;
			files = (
			);
			runOnlyForDeploymentPostprocessing = 0;
		};
		59AD7BCB2EB31109007844FC /* Sources */ = {
			isa = PBXSourcesBuildPhase;
			buildActionMask = 2147483647;
			files = (
			);
			runOnlyForDeploymentPostprocessing = 0;
		};
/* End PBXSourcesBuildPhase section */

/* Begin PBXTargetDependency section */
		59AD7BD12EB31109007844FC /* PBXTargetDependency */ = {
			isa = PBXTargetDependency;
			target = 59AD7BB82EB31108007844FC /* MarketWatch */;
			targetProxy = 59AD7BD02EB31109007844FC /* PBXContainerItemProxy */;
		};
/* End PBXTargetDependency section */

/* Begin XCBuildConfiguration section */
		59AD7BE32EB3110A007844FC /* Debug */ = {
			isa = XCBuildConfiguration;
			baseConfigurationReference = CEB46F45B8299A59BA709D9C /* Pods-MarketWatch.debug.xcconfig */;
			buildSettings = {
				ASSETCATALOG_COMPILER_APPICON_NAME = AppIcon;
				ASSETCATALOG_COMPILER_GLOBAL_ACCENT_COLOR_NAME = AccentColor;
				CODE_SIGN_STYLE = Automatic;
				CURRENT_PROJECT_VERSION = 1;
				DEVELOPMENT_TEAM = BS6THG57UA;
				ENABLE_USER_SCRIPT_SANDBOXING = NO;
				ENABLE_USER_SELECTED_FILES = "";
				GENERATE_INFOPLIST_FILE = YES;
				INFOPLIST_FILE = MarketWatch/Info.plist;
				INFOPLIST_KEY_UIApplicationSupportsIndirectInputEvents = YES;
				INFOPLIST_KEY_UILaunchStoryboardName = LaunchScreen;
				INFOPLIST_KEY_UISupportedInterfaceOrientations_iPad = "UIInterfaceOrientationPortrait UIInterfaceOrientationPortraitUpsideDown UIInterfaceOrientationLandscapeLeft UIInterfaceOrientationLandscapeRight";
				INFOPLIST_KEY_UISupportedInterfaceOrientations_iPhone = "UIInterfaceOrientationPortrait UIInterfaceOrientationLandscapeLeft UIInterfaceOrientationLandscapeRight";
				LD_RUNPATH_SEARCH_PATHS = (
					"$(inherited)",
					"@executable_path/Frameworks",
				);
				MARKETING_VERSION = 1.0;
				PRODUCT_BUNDLE_IDENTIFIER = com.edwylugo.MarketWatch;
				PRODUCT_NAME = "$(TARGET_NAME)";
				STRING_CATALOG_GENERATE_SYMBOLS = YES;
				SWIFT_APPROACHABLE_CONCURRENCY = YES;
				SWIFT_DEFAULT_ACTOR_ISOLATION = MainActor;
				SWIFT_EMIT_LOC_STRINGS = YES;
				SWIFT_UPCOMING_FEATURE_MEMBER_IMPORT_VISIBILITY = YES;
				SWIFT_VERSION = 5.0;
				TARGETED_DEVICE_FAMILY = "1,2";
			};
			name = Debug;
		};
		59AD7BE42EB3110A007844FC /* Release */ = {
			isa = XCBuildConfiguration;
			baseConfigurationReference = 30B42509B72935215EB9A07D /* Pods-MarketWatch.release.xcconfig */;
			buildSettings = {
				ASSETCATALOG_COMPILER_APPICON_NAME = AppIcon;
				ASSETCATALOG_COMPILER_GLOBAL_ACCENT_COLOR_NAME = AccentColor;
				CODE_SIGN_STYLE = Automatic;
				CURRENT_PROJECT_VERSION = 1;
				DEVELOPMENT_TEAM = BS6THG57UA;
				ENABLE_USER_SCRIPT_SANDBOXING = NO;
				ENABLE_USER_SELECTED_FILES = "";
				GENERATE_INFOPLIST_FILE = YES;
				INFOPLIST_FILE = MarketWatch/Info.plist;
				INFOPLIST_KEY_UIApplicationSupportsIndirectInputEvents = YES;
				INFOPLIST_KEY_UILaunchStoryboardName = LaunchScreen;
				INFOPLIST_KEY_UISupportedInterfaceOrientations_iPad = "UIInterfaceOrientationPortrait UIInterfaceOrientationPortraitUpsideDown UIInterfaceOrientationLandscapeLeft UIInterfaceOrientationLandscapeRight";
				INFOPLIST_KEY_UISupportedInterfaceOrientations_iPhone = "UIInterfaceOrientationPortrait UIInterfaceOrientationLandscapeLeft UIInterfaceOrientationLandscapeRight";
				LD_RUNPATH_SEARCH_PATHS = (
					"$(inherited)",
					"@executable_path/Frameworks",
				);
				MARKETING_VERSION = 1.0;
				PRODUCT_BUNDLE_IDENTIFIER = com.edwylugo.MarketWatch;
				PRODUCT_NAME = "$(TARGET_NAME)";
				STRING_CATALOG_GENERATE_SYMBOLS = YES;
				SWIFT_APPROACHABLE_CONCURRENCY = YES;
				SWIFT_DEFAULT_ACTOR_ISOLATION = MainActor;
				SWIFT_EMIT_LOC_STRINGS = YES;
				SWIFT_UPCOMING_FEATURE_MEMBER_IMPORT_VISIBILITY = YES;
				SWIFT_VERSION = 5.0;
				TARGETED_DEVICE_FAMILY = "1,2";
			};
			name = Release;
		};
		59AD7BE52EB3110A007844FC /* Debug */ = {
			isa = XCBuildConfiguration;
			buildSettings = {
				ALWAYS_SEARCH_USER_PATHS = NO;
				ASSETCATALOG_COMPILER_GENERATE_SWIFT_ASSET_SYMBOL_EXTENSIONS = YES;
				CLANG_ANALYZER_NONNULL = YES;
				CLANG_ANALYZER_NUMBER_OBJECT_CONVERSION = YES_AGGRESSIVE;
				CLANG_CXX_LANGUAGE_STANDARD = "gnu++20";
				CLANG_ENABLE_MODULES = YES;
				CLANG_ENABLE_OBJC_ARC = YES;
				CLANG_ENABLE_OBJC_WEAK = YES;
				CLANG_WARN_BLOCK_CAPTURE_AUTORELEASING = YES;
				CLANG_WARN_BOOL_CONVERSION = YES;
				CLANG_WARN_COMMA = YES;
				CLANG_WARN_CONSTANT_CONVERSION = YES;
				CLANG_WARN_DEPRECATED_OBJC_IMPLEMENTATIONS = YES;
				CLANG_WARN_DIRECT_OBJC_ISA_USAGE = YES_ERROR;
				CLANG_WARN_DOCUMENTATION_COMMENTS = YES;
				CLANG_WARN_EMPTY_BODY = YES;
				CLANG_WARN_ENUM_CONVERSION = YES;
				CLANG_WARN_INFINITE_RECURSION = YES;
				CLANG_WARN_INT_CONVERSION = YES;
				CLANG_WARN_NON_LITERAL_NULL_CONVERSION = YES;
				CLANG_WARN_OBJC_IMPLICIT_RETAIN_SELF = YES;
				CLANG_WARN_OBJC_LITERAL_CONVERSION = YES;
				CLANG_WARN_OBJC_ROOT_CLASS = YES_ERROR;
				CLANG_WARN_QUOTED_INCLUDE_IN_FRAMEWORK_HEADER = YES;
				CLANG_WARN_RANGE_LOOP_ANALYSIS = YES;
				CLANG_WARN_STRICT_PROTOTYPES = YES;
				CLANG_WARN_SUSPICIOUS_MOVE = YES;
				CLANG_WARN_UNGUARDED_AVAILABILITY = YES_AGGRESSIVE;
				CLANG_WARN_UNREACHABLE_CODE = YES;
				CLANG_WARN__DUPLICATE_METHOD_MATCH = YES;
				COPY_PHASE_STRIP = NO;
				DEBUG_INFORMATION_FORMAT = dwarf;
				DEVELOPMENT_TEAM = BS6THG57UA;
				ENABLE_STRICT_OBJC_MSGSEND = YES;
				ENABLE_TESTABILITY = YES;
				ENABLE_USER_SCRIPT_SANDBOXING = YES;
				GCC_C_LANGUAGE_STANDARD = gnu17;
				GCC_DYNAMIC_NO_PIC = NO;
				GCC_NO_COMMON_BLOCKS = YES;
				GCC_OPTIMIZATION_LEVEL = 0;
				GCC_PREPROCESSOR_DEFINITIONS = (
					"DEBUG=1",
					"$(inherited)",
				);
				GCC_WARN_64_TO_32_BIT_CONVERSION = YES;
				GCC_WARN_ABOUT_RETURN_TYPE = YES_ERROR;
				GCC_WARN_UNDECLARED_SELECTOR = YES;
				GCC_WARN_UNINITIALIZED_AUTOS = YES_AGGRESSIVE;
				GCC_WARN_UNUSED_FUNCTION = YES;
				GCC_WARN_UNUSED_VARIABLE = YES;
				IPHONEOS_DEPLOYMENT_TARGET = 26.0;
				LOCALIZATION_PREFERS_STRING_CATALOGS = YES;
				MTL_ENABLE_DEBUG_INFO = INCLUDE_SOURCE;
				MTL_FAST_MATH = YES;
				ONLY_ACTIVE_ARCH = YES;
				SDKROOT = iphoneos;
				SWIFT_ACTIVE_COMPILATION_CONDITIONS = "DEBUG $(inherited)";
				SWIFT_OPTIMIZATION_LEVEL = "-Onone";
			};
			name = Debug;
		};
		59AD7BE62EB3110A007844FC /* Release */ = {
			isa = XCBuildConfiguration;
			buildSettings = {
				ALWAYS_SEARCH_USER_PATHS = NO;
				ASSETCATALOG_COMPILER_GENERATE_SWIFT_ASSET_SYMBOL_EXTENSIONS = YES;
				CLANG_ANALYZER_NONNULL = YES;
				CLANG_ANALYZER_NUMBER_OBJECT_CONVERSION = YES_AGGRESSIVE;
				CLANG_CXX_LANGUAGE_STANDARD = "gnu++20";
				CLANG_ENABLE_MODULES = YES;
				CLANG_ENABLE_OBJC_ARC = YES;
				CLANG_ENABLE_OBJC_WEAK = YES;
				CLANG_WARN_BLOCK_CAPTURE_AUTORELEASING = YES;
				CLANG_WARN_BOOL_CONVERSION = YES;
				CLANG_WARN_COMMA = YES;
				CLANG_WARN_CONSTANT_CONVERSION = YES;
				CLANG_WARN_DEPRECATED_OBJC_IMPLEMENTATIONS = YES;
				CLANG_WARN_DIRECT_OBJC_ISA_USAGE = YES_ERROR;
				CLANG_WARN_DOCUMENTATION_COMMENTS = YES;
				CLANG_WARN_EMPTY_BODY = YES;
				CLANG_WARN_ENUM_CONVERSION = YES;
				CLANG_WARN_INFINITE_RECURSION = YES;
				CLANG_WARN_INT_CONVERSION = YES;
				CLANG_WARN_NON_LITERAL_NULL_CONVERSION = YES;
				CLANG_WARN_OBJC_IMPLICIT_RETAIN_SELF = YES;
				CLANG_WARN_OBJC_LITERAL_CONVERSION = YES;
				CLANG_WARN_OBJC_ROOT_CLASS = YES_ERROR;
				CLANG_WARN_QUOTED_INCLUDE_IN_FRAMEWORK_HEADER = YES;
				CLANG_WARN_RANGE_LOOP_ANALYSIS = YES;
				CLANG_WARN_STRICT_PROTOTYPES = YES;
				CLANG_WARN_SUSPICIOUS_MOVE = YES;
				CLANG_WARN_UNGUARDED_AVAILABILITY = YES_AGGRESSIVE;
				CLANG_WARN_UNREACHABLE_CODE = YES;
				CLANG_WARN__DUPLICATE_METHOD_MATCH = YES;
				COPY_PHASE_STRIP = NO;
				DEBUG_INFORMATION_FORMAT = "dwarf-with-dsym";
				DEVELOPMENT_TEAM = BS6THG57UA;
				ENABLE_NS_ASSERTIONS = NO;
				ENABLE_STRICT_OBJC_MSGSEND = YES;
				ENABLE_USER_SCRIPT_SANDBOXING = YES;
				GCC_C_LANGUAGE_STANDARD = gnu17;
				GCC_NO_COMMON_BLOCKS = YES;
				GCC_WARN_64_TO_32_BIT_CONVERSION = YES;
				GCC_WARN_ABOUT_RETURN_TYPE = YES_ERROR;
				GCC_WARN_UNDECLARED_SELECTOR = YES;
				GCC_WARN_UNINITIALIZED_AUTOS = YES_AGGRESSIVE;
				GCC_WARN_UNUSED_FUNCTION = YES;
				GCC_WARN_UNUSED_VARIABLE = YES;
				IPHONEOS_DEPLOYMENT_TARGET = 26.0;
				LOCALIZATION_PREFERS_STRING_CATALOGS = YES;
				MTL_ENABLE_DEBUG_INFO = NO;
				MTL_FAST_MATH = YES;
				SDKROOT = iphoneos;
				SWIFT_COMPILATION_MODE = wholemodule;
				VALIDATE_PRODUCT = YES;
			};
			name = Release;
		};
		59AD7BE82EB3110A007844FC /* Debug */ = {
			isa = XCBuildConfiguration;
			baseConfigurationReference = 6EB9E983E12676E85A636E31 /* Pods-MarketWatchTests.debug.xcconfig */;
			buildSettings = {
				BUNDLE_LOADER = "$(TEST_HOST)";
				CODE_SIGN_STYLE = Automatic;
				CURRENT_PROJECT_VERSION = 1;
				DEVELOPMENT_TEAM = BS6THG57UA;
				ENABLE_USER_SCRIPT_SANDBOXING = NO;
				ENABLE_USER_SELECTED_FILES = "";
				GENERATE_INFOPLIST_FILE = YES;
				IPHONEOS_DEPLOYMENT_TARGET = 26.0;
				MARKETING_VERSION = 1.0;
				PRODUCT_BUNDLE_IDENTIFIER = com.edwylugo.MarketWatchTests;
				PRODUCT_NAME = "$(TARGET_NAME)";
				STRING_CATALOG_GENERATE_SYMBOLS = NO;
				SWIFT_APPROACHABLE_CONCURRENCY = YES;
				SWIFT_EMIT_LOC_STRINGS = NO;
				SWIFT_UPCOMING_FEATURE_MEMBER_IMPORT_VISIBILITY = YES;
				SWIFT_VERSION = 5.0;
				TARGETED_DEVICE_FAMILY = "1,2";
				TEST_HOST = "$(BUILT_PRODUCTS_DIR)/MarketWatch.app/$(BUNDLE_EXECUTABLE_FOLDER_PATH)/MarketWatch";
			};
			name = Debug;
		};
		59AD7BE92EB3110A007844FC /* Release */ = {
			isa = XCBuildConfiguration;
			baseConfigurationReference = EE63B0CA94EE62109F14F8B2 /* Pods-MarketWatchTests.release.xcconfig */;
			buildSettings = {
				BUNDLE_LOADER = "$(TEST_HOST)";
				CODE_SIGN_STYLE = Automatic;
				CURRENT_PROJECT_VERSION = 1;
				DEVELOPMENT_TEAM = BS6THG57UA;
				ENABLE_USER_SCRIPT_SANDBOXING = NO;
				ENABLE_USER_SELECTED_FILES = "";
				GENERATE_INFOPLIST_FILE = YES;
				IPHONEOS_DEPLOYMENT_TARGET = 26.0;
				MARKETING_VERSION = 1.0;
				PRODUCT_BUNDLE_IDENTIFIER = com.edwylugo.MarketWatchTests;
				PRODUCT_NAME = "$(TARGET_NAME)";
				STRING_CATALOG_GENERATE_SYMBOLS = NO;
				SWIFT_APPROACHABLE_CONCURRENCY = YES;
				SWIFT_EMIT_LOC_STRINGS = NO;
				SWIFT_UPCOMING_FEATURE_MEMBER_IMPORT_VISIBILITY = YES;
				SWIFT_VERSION = 5.0;
				TARGETED_DEVICE_FAMILY = "1,2";
				TEST_HOST = "$(BUILT_PRODUCTS_DIR)/MarketWatch.app/$(BUNDLE_EXECUTABLE_FOLDER_PATH)/MarketWatch";
			};
			name = Release;
		};
/* End XCBuildConfiguration section */

/* Begin XCConfigurationList section */
		59AD7BB42EB31108007844FC /* Build configuration list for PBXProject "MarketWatch" */ = {
			isa = XCConfigurationList;
			buildConfigurations = (
				59AD7BE52EB3110A007844FC /* Debug */,
				59AD7BE62EB3110A007844FC /* Release */,
			);
			defaultConfigurationIsVisible = 0;
			defaultConfigurationName = Release;
		};
		59AD7BE22EB3110A007844FC /* Build configuration list for PBXNativeTarget "MarketWatch" */ = {
			isa = XCConfigurationList;
			buildConfigurations = (
				59AD7BE32EB3110A007844FC /* Debug */,
				59AD7BE42EB3110A007844FC /* Release */,
			);
			defaultConfigurationIsVisible = 0;
			defaultConfigurationName = Release;
		};
		59AD7BE72EB3110A007844FC /* Build configuration list for PBXNativeTarget "MarketWatchTests" */ = {
			isa = XCConfigurationList;
			buildConfigurations = (
				59AD7BE82EB3110A007844FC /* Debug */,
				59AD7BE92EB3110A007844FC /* Release */,
			);
			defaultConfigurationIsVisible = 0;
			defaultConfigurationName = Release;
		};
/* End XCConfigurationList section */
	};
	rootObject = 59AD7BB12EB31108007844FC /* Project object */;
}
